
Microsoft Visual Studio Solution File, Format Version 12.00
# Visual Studio 14
VisualStudioVersion = 14.0.25420.1
MinimumVisualStudioVersion = 10.0.40219.1
Project("{FAE04EC0-301F-11D3-BF4B-00C04F79EFBC}") = "DAL", "DAL\DAL.csproj", "{9A4D0550-D642-4F83-99D6-A0A4F79C34A6}"
EndProject
Project("{FAE04EC0-301F-11D3-BF4B-00C04F79EFBC}") = "WCF", "WCF\WCF.csproj", "{8F05D174-8656-42A5-B874-28D77A79FB9B}"
EndProject
Project("{FAE04EC0-301F-11D3-BF4B-00C04F79EFBC}") = "UI", "UI\UI.csproj", "{F42E4A5D-B8BE-41EA-91C2-ACE658E582F0}"
EndProject
Global
	GlobalSection(SolutionConfigurationPlatforms) = preSolution
		Debug|Any CPU = Debug|Any CPU
		Release|Any CPU = Release|Any CPU
	EndGlobalSection
	GlobalSection(ProjectConfigurationPlatforms) = postSolution
		{9A4D0550-D642-4F83-99D6-A0A4F79C34A6}.Debug|Any CPU.ActiveCfg = Debug|Any CPU
		{9A4D0550-D642-4F83-99D6-A0A4F79C34A6}.Debug|Any CPU.Build.0 = Debug|Any CPU
		{9A4D0550-D642-4F83-99D6-A0A4F79C34A6}.Release|Any CPU.ActiveCfg = Release|Any CPU
		{9A4D0550-D642-4F83-99D6-A0A4F79C34A6}.Release|Any CPU.Build.0 = Release|Any CPU
		{8F05D174-8656-42A5-B874-28D77A79FB9B}.Debug|Any CPU.ActiveCfg = Debug|Any CPU
		{8F05D174-8656-42A5-B874-28D77A79FB9B}.Debug|Any CPU.Build.0 = Debug|Any CPU
		{8F05D174-8656-42A5-B874-28D77A79FB9B}.Release|Any CPU.ActiveCfg = Release|Any CPU
		{8F05D174-8656-42A5-B874-28D77A79FB9B}.Release|Any CPU.Build.0 = Release|Any CPU
		{F42E4A5D-B8BE-41EA-91C2-ACE658E582F0}.Debug|Any CPU.ActiveCfg = Debug|Any CPU
		{F42E4A5D-B8BE-41EA-91C2-ACE658E582F0}.Debug|Any CPU.Build.0 = Debug|Any CPU
		{F42E4A5D-B8BE-41EA-91C2-ACE658E582F0}.Release|Any CPU.ActiveCfg = Release|Any CPU
		{F42E4A5D-B8BE-41EA-91C2-ACE658E582F0}.Release|Any CPU.Build.0 = Release|Any CPU
	EndGlobalSection
	GlobalSection(SolutionProperties) = preSolution
		HideSolutionNode = FALSE
	EndGlobalSection
EndGlobal
